// !$*UTF8*$!
{
	archiveVersion = 1;
	classes = {
	};
	objectVersion = 50;
	objects = {

/* Begin PBXBuildFile section */
		0B2E3D4D45631D82C2DC7F15 /* Pods_DemoSocialNetwork.framework in Frameworks */ = {isa = PBXBuildFile; fileRef = 9F422D87921D52837BFDEAF4 /* Pods_DemoSocialNetwork.framework */; };
		25FC4B762918F52110B1274C /* Pods_DemoSocialNetworkTests.framework in Frameworks */ = {isa = PBXBuildFile; fileRef = 1F0097615C4E1562BF4219AA /* Pods_DemoSocialNetworkTests.framework */; };
		CB0B1DB1CA76CEE0FEC84FF0 /* Pods_DemoSocialNetwork_DemoSocialNetworkUITests.framework in Frameworks */ = {isa = PBXBuildFile; fileRef = F08E5F85F68563A4536F2F67 /* Pods_DemoSocialNetwork_DemoSocialNetworkUITests.framework */; };
		ED9A5A8324CD21270009B3C7 /* AppDelegate.swift in Sources */ = {isa = PBXBuildFile; fileRef = ED9A5A8224CD21270009B3C7 /* AppDelegate.swift */; };
		ED9A5A8524CD21270009B3C7 /* SceneDelegate.swift in Sources */ = {isa = PBXBuildFile; fileRef = ED9A5A8424CD21270009B3C7 /* SceneDelegate.swift */; };
		ED9A5A8724CD21270009B3C7 /* ViewController.swift in Sources */ = {isa = PBXBuildFile; fileRef = ED9A5A8624CD21270009B3C7 /* ViewController.swift */; };
		ED9A5A8A24CD21270009B3C7 /* Main.storyboard in Resources */ = {isa = PBXBuildFile; fileRef = ED9A5A8824CD21270009B3C7 /* Main.storyboard */; };
		ED9A5A8D24CD21270009B3C7 /* DemoSocialNetwork.xcdatamodeld in Sources */ = {isa = PBXBuildFile; fileRef = ED9A5A8B24CD21270009B3C7 /* DemoSocialNetwork.xcdatamodeld */; };
		ED9A5A8F24CD21290009B3C7 /* Assets.xcassets in Resources */ = {isa = PBXBuildFile; fileRef = ED9A5A8E24CD21290009B3C7 /* Assets.xcassets */; };
		ED9A5A9224CD21290009B3C7 /* LaunchScreen.storyboard in Resources */ = {isa = PBXBuildFile; fileRef = ED9A5A9024CD21290009B3C7 /* LaunchScreen.storyboard */; };
		ED9A5A9D24CD21290009B3C7 /* DemoSocialNetworkTests.swift in Sources */ = {isa = PBXBuildFile; fileRef = ED9A5A9C24CD21290009B3C7 /* DemoSocialNetworkTests.swift */; };
		ED9A5AA824CD21290009B3C7 /* DemoSocialNetworkUITests.swift in Sources */ = {isa = PBXBuildFile; fileRef = ED9A5AA724CD21290009B3C7 /* DemoSocialNetworkUITests.swift */; };
		ED9A5AC024CD21850009B3C7 /* UIView+centerY.swift in Sources */ = {isa = PBXBuildFile; fileRef = ED9A5AB624CD21850009B3C7 /* UIView+centerY.swift */; };
		ED9A5AC124CD21850009B3C7 /* UIView+centerX.swift in Sources */ = {isa = PBXBuildFile; fileRef = ED9A5AB724CD21850009B3C7 /* UIView+centerX.swift */; };
		ED9A5AC224CD21850009B3C7 /* UIView+bottom.swift in Sources */ = {isa = PBXBuildFile; fileRef = ED9A5AB824CD21850009B3C7 /* UIView+bottom.swift */; };
		ED9A5AC324CD21850009B3C7 /* UIView+height.swift in Sources */ = {isa = PBXBuildFile; fileRef = ED9A5AB924CD21850009B3C7 /* UIView+height.swift */; };
		ED9A5AC424CD21850009B3C7 /* UIView+trailing.swift in Sources */ = {isa = PBXBuildFile; fileRef = ED9A5ABA24CD21850009B3C7 /* UIView+trailing.swift */; };
		ED9A5AC524CD21850009B3C7 /* UIView+top.swift in Sources */ = {isa = PBXBuildFile; fileRef = ED9A5ABB24CD21850009B3C7 /* UIView+top.swift */; };
		ED9A5AC624CD21850009B3C7 /* UIView+add.swift in Sources */ = {isa = PBXBuildFile; fileRef = ED9A5ABC24CD21850009B3C7 /* UIView+add.swift */; };
		ED9A5AC724CD21850009B3C7 /* UIView+leading.swift in Sources */ = {isa = PBXBuildFile; fileRef = ED9A5ABD24CD21850009B3C7 /* UIView+leading.swift */; };
		ED9A5AC824CD21850009B3C7 /* UIView+width.swift in Sources */ = {isa = PBXBuildFile; fileRef = ED9A5ABE24CD21850009B3C7 /* UIView+width.swift */; };
		ED9A5AC924CD21850009B3C7 /* UIView+padding.swift in Sources */ = {isa = PBXBuildFile; fileRef = ED9A5ABF24CD21850009B3C7 /* UIView+padding.swift */; };
/* End PBXBuildFile section */

/* Begin PBXContainerItemProxy section */
		ED9A5A9924CD21290009B3C7 /* PBXContainerItemProxy */ = {
			isa = PBXContainerItemProxy;
			containerPortal = ED9A5A7724CD21270009B3C7 /* Project object */;
			proxyType = 1;
			remoteGlobalIDString = ED9A5A7E24CD21270009B3C7;
			remoteInfo = DemoSocialNetwork;
		};
		ED9A5AA424CD21290009B3C7 /* PBXContainerItemProxy */ = {
			isa = PBXContainerItemProxy;
			containerPortal = ED9A5A7724CD21270009B3C7 /* Project object */;
			proxyType = 1;
			remoteGlobalIDString = ED9A5A7E24CD21270009B3C7;
			remoteInfo = DemoSocialNetwork;
		};
/* End PBXContainerItemProxy section */

/* Begin PBXFileReference section */
		1F0097615C4E1562BF4219AA /* Pods_DemoSocialNetworkTests.framework */ = {isa = PBXFileReference; explicitFileType = wrapper.framework; includeInIndex = 0; path = Pods_DemoSocialNetworkTests.framework; sourceTree = BUILT_PRODUCTS_DIR; };
		36B070E0B56C6C3767B63C23 /* Pods-DemoSocialNetwork-DemoSocialNetworkUITests.release.xcconfig */ = {isa = PBXFileReference; includeInIndex = 1; lastKnownFileType = text.xcconfig; name = "Pods-DemoSocialNetwork-DemoSocialNetworkUITests.release.xcconfig"; path = "Target Support Files/Pods-DemoSocialNetwork-DemoSocialNetworkUITests/Pods-DemoSocialNetwork-DemoSocialNetworkUITests.release.xcconfig"; sourceTree = "<group>"; };
		3B26FCC803BBA531BFA18447 /* Pods-DemoSocialNetworkTests.release.xcconfig */ = {isa = PBXFileReference; includeInIndex = 1; lastKnownFileType = text.xcconfig; name = "Pods-DemoSocialNetworkTests.release.xcconfig"; path = "Target Support Files/Pods-DemoSocialNetworkTests/Pods-DemoSocialNetworkTests.release.xcconfig"; sourceTree = "<group>"; };
		5CF39C988357213E719C3D4A /* Pods-DemoSocialNetwork-DemoSocialNetworkUITests.debug.xcconfig */ = {isa = PBXFileReference; includeInIndex = 1; lastKnownFileType = text.xcconfig; name = "Pods-DemoSocialNetwork-DemoSocialNetworkUITests.debug.xcconfig"; path = "Target Support Files/Pods-DemoSocialNetwork-DemoSocialNetworkUITests/Pods-DemoSocialNetwork-DemoSocialNetworkUITests.debug.xcconfig"; sourceTree = "<group>"; };
		6B60524CD7AAD40A57EE25F7 /* Pods-DemoSocialNetworkTests.debug.xcconfig */ = {isa = PBXFileReference; includeInIndex = 1; lastKnownFileType = text.xcconfig; name = "Pods-DemoSocialNetworkTests.debug.xcconfig"; path = "Target Support Files/Pods-DemoSocialNetworkTests/Pods-DemoSocialNetworkTests.debug.xcconfig"; sourceTree = "<group>"; };
		9F422D87921D52837BFDEAF4 /* Pods_DemoSocialNetwork.framework */ = {isa = PBXFileReference; explicitFileType = wrapper.framework; includeInIndex = 0; path = Pods_DemoSocialNetwork.framework; sourceTree = BUILT_PRODUCTS_DIR; };
		C5236FC6040938AE4BED4FFB /* Pods-DemoSocialNetwork.debug.xcconfig */ = {isa = PBXFileReference; includeInIndex = 1; lastKnownFileType = text.xcconfig; name = "Pods-DemoSocialNetwork.debug.xcconfig"; path = "Target Support Files/Pods-DemoSocialNetwork/Pods-DemoSocialNetwork.debug.xcconfig"; sourceTree = "<group>"; };
		D80AF029CA731EA676826894 /* Pods-DemoSocialNetwork.release.xcconfig */ = {isa = PBXFileReference; includeInIndex = 1; lastKnownFileType = text.xcconfig; name = "Pods-DemoSocialNetwork.release.xcconfig"; path = "Target Support Files/Pods-DemoSocialNetwork/Pods-DemoSocialNetwork.release.xcconfig"; sourceTree = "<group>"; };
		ED9A5A7F24CD21270009B3C7 /* DemoSocialNetwork.app */ = {isa = PBXFileReference; explicitFileType = wrapper.application; includeInIndex = 0; path = DemoSocialNetwork.app; sourceTree = BUILT_PRODUCTS_DIR; };
		ED9A5A8224CD21270009B3C7 /* AppDelegate.swift */ = {isa = PBXFileReference; lastKnownFileType = sourcecode.swift; path = AppDelegate.swift; sourceTree = "<group>"; };
		ED9A5A8424CD21270009B3C7 /* SceneDelegate.swift */ = {isa = PBXFileReference; lastKnownFileType = sourcecode.swift; path = SceneDelegate.swift; sourceTree = "<group>"; };
		ED9A5A8624CD21270009B3C7 /* ViewController.swift */ = {isa = PBXFileReference; lastKnownFileType = sourcecode.swift; path = ViewController.swift; sourceTree = "<group>"; };
		ED9A5A8924CD21270009B3C7 /* Base */ = {isa = PBXFileReference; lastKnownFileType = file.storyboard; name = Base; path = Base.lproj/Main.storyboard; sourceTree = "<group>"; };
		ED9A5A8C24CD21270009B3C7 /* DemoSocialNetwork.xcdatamodel */ = {isa = PBXFileReference; lastKnownFileType = wrapper.xcdatamodel; path = DemoSocialNetwork.xcdatamodel; sourceTree = "<group>"; };
		ED9A5A8E24CD21290009B3C7 /* Assets.xcassets */ = {isa = PBXFileReference; lastKnownFileType = folder.assetcatalog; path = Assets.xcassets; sourceTree = "<group>"; };
		ED9A5A9124CD21290009B3C7 /* Base */ = {isa = PBXFileReference; lastKnownFileType = file.storyboard; name = Base; path = Base.lproj/LaunchScreen.storyboard; sourceTree = "<group>"; };
		ED9A5A9324CD21290009B3C7 /* Info.plist */ = {isa = PBXFileReference; lastKnownFileType = text.plist.xml; path = Info.plist; sourceTree = "<group>"; };
		ED9A5A9824CD21290009B3C7 /* DemoSocialNetworkTests.xctest */ = {isa = PBXFileReference; explicitFileType = wrapper.cfbundle; includeInIndex = 0; path = DemoSocialNetworkTests.xctest; sourceTree = BUILT_PRODUCTS_DIR; };
		ED9A5A9C24CD21290009B3C7 /* DemoSocialNetworkTests.swift */ = {isa = PBXFileReference; lastKnownFileType = sourcecode.swift; path = DemoSocialNetworkTests.swift; sourceTree = "<group>"; };
		ED9A5A9E24CD21290009B3C7 /* Info.plist */ = {isa = PBXFileReference; lastKnownFileType = text.plist.xml; path = Info.plist; sourceTree = "<group>"; };
		ED9A5AA324CD21290009B3C7 /* DemoSocialNetworkUITests.xctest */ = {isa = PBXFileReference; explicitFileType = wrapper.cfbundle; includeInIndex = 0; path = DemoSocialNetworkUITests.xctest; sourceTree = BUILT_PRODUCTS_DIR; };
		ED9A5AA724CD21290009B3C7 /* DemoSocialNetworkUITests.swift */ = {isa = PBXFileReference; lastKnownFileType = sourcecode.swift; path = DemoSocialNetworkUITests.swift; sourceTree = "<group>"; };
		ED9A5AA924CD21290009B3C7 /* Info.plist */ = {isa = PBXFileReference; lastKnownFileType = text.plist.xml; path = Info.plist; sourceTree = "<group>"; };
		ED9A5AB624CD21850009B3C7 /* UIView+centerY.swift */ = {isa = PBXFileReference; fileEncoding = 4; lastKnownFileType = sourcecode.swift; path = "UIView+centerY.swift"; sourceTree = "<group>"; };
		ED9A5AB724CD21850009B3C7 /* UIView+centerX.swift */ = {isa = PBXFileReference; fileEncoding = 4; lastKnownFileType = sourcecode.swift; path = "UIView+centerX.swift"; sourceTree = "<group>"; };
		ED9A5AB824CD21850009B3C7 /* UIView+bottom.swift */ = {isa = PBXFileReference; fileEncoding = 4; lastKnownFileType = sourcecode.swift; path = "UIView+bottom.swift"; sourceTree = "<group>"; };
		ED9A5AB924CD21850009B3C7 /* UIView+height.swift */ = {isa = PBXFileReference; fileEncoding = 4; lastKnownFileType = sourcecode.swift; path = "UIView+height.swift"; sourceTree = "<group>"; };
		ED9A5ABA24CD21850009B3C7 /* UIView+trailing.swift */ = {isa = PBXFileReference; fileEncoding = 4; lastKnownFileType = sourcecode.swift; path = "UIView+trailing.swift"; sourceTree = "<group>"; };
		ED9A5ABB24CD21850009B3C7 /* UIView+top.swift */ = {isa = PBXFileReference; fileEncoding = 4; lastKnownFileType = sourcecode.swift; path = "UIView+top.swift"; sourceTree = "<group>"; };
		ED9A5ABC24CD21850009B3C7 /* UIView+add.swift */ = {isa = PBXFileReference; fileEncoding = 4; lastKnownFileType = sourcecode.swift; path = "UIView+add.swift"; sourceTree = "<group>"; };
		ED9A5ABD24CD21850009B3C7 /* UIView+leading.swift */ = {isa = PBXFileReference; fileEncoding = 4; lastKnownFileType = sourcecode.swift; path = "UIView+leading.swift"; sourceTree = "<group>"; };
		ED9A5ABE24CD21850009B3C7 /* UIView+width.swift */ = {isa = PBXFileReference; fileEncoding = 4; lastKnownFileType = sourcecode.swift; path = "UIView+width.swift"; sourceTree = "<group>"; };
		ED9A5ABF24CD21850009B3C7 /* UIView+padding.swift */ = {isa = PBXFileReference; fileEncoding = 4; lastKnownFileType = sourcecode.swift; path = "UIView+padding.swift"; sourceTree = "<group>"; };
		F08E5F85F68563A4536F2F67 /* Pods_DemoSocialNetwork_DemoSocialNetworkUITests.framework */ = {isa = PBXFileReference; explicitFileType = wrapper.framework; includeInIndex = 0; path = Pods_DemoSocialNetwork_DemoSocialNetworkUITests.framework; sourceTree = BUILT_PRODUCTS_DIR; };
/* End PBXFileReference section */

/* Begin PBXFrameworksBuildPhase section */
		ED9A5A7C24CD21270009B3C7 /* Frameworks */ = {
			isa = PBXFrameworksBuildPhase;
			buildActionMask = 2147483647;
			files = (
				0B2E3D4D45631D82C2DC7F15 /* Pods_DemoSocialNetwork.framework in Frameworks */,
			);
			runOnlyForDeploymentPostprocessing = 0;
		};
		ED9A5A9524CD21290009B3C7 /* Frameworks */ = {
			isa = PBXFrameworksBuildPhase;
			buildActionMask = 2147483647;
			files = (
				25FC4B762918F52110B1274C /* Pods_DemoSocialNetworkTests.framework in Frameworks */,
			);
			runOnlyForDeploymentPostprocessing = 0;
		};
		ED9A5AA024CD21290009B3C7 /* Frameworks */ = {
			isa = PBXFrameworksBuildPhase;
			buildActionMask = 2147483647;
			files = (
				CB0B1DB1CA76CEE0FEC84FF0 /* Pods_DemoSocialNetwork_DemoSocialNetworkUITests.framework in Frameworks */,
			);
			runOnlyForDeploymentPostprocessing = 0;
		};
/* End PBXFrameworksBuildPhase section */

/* Begin PBXGroup section */
		781EF751D43046B81A4A8CAA /* Frameworks */ = {
			isa = PBXGroup;
			children = (
				9F422D87921D52837BFDEAF4 /* Pods_DemoSocialNetwork.framework */,
				F08E5F85F68563A4536F2F67 /* Pods_DemoSocialNetwork_DemoSocialNetworkUITests.framework */,
				1F0097615C4E1562BF4219AA /* Pods_DemoSocialNetworkTests.framework */,
			);
			name = Frameworks;
			sourceTree = "<group>";
		};
		9FAD23269BEE98D3DA2722AA /* Pods */ = {
			isa = PBXGroup;
			children = (
				C5236FC6040938AE4BED4FFB /* Pods-DemoSocialNetwork.debug.xcconfig */,
				D80AF029CA731EA676826894 /* Pods-DemoSocialNetwork.release.xcconfig */,
				5CF39C988357213E719C3D4A /* Pods-DemoSocialNetwork-DemoSocialNetworkUITests.debug.xcconfig */,
				36B070E0B56C6C3767B63C23 /* Pods-DemoSocialNetwork-DemoSocialNetworkUITests.release.xcconfig */,
				6B60524CD7AAD40A57EE25F7 /* Pods-DemoSocialNetworkTests.debug.xcconfig */,
				3B26FCC803BBA531BFA18447 /* Pods-DemoSocialNetworkTests.release.xcconfig */,
			);
			name = Pods;
			path = Pods;
			sourceTree = "<group>";
		};
		ED9A5A7624CD21270009B3C7 = {
			isa = PBXGroup;
			children = (
				ED9A5A8124CD21270009B3C7 /* DemoSocialNetwork */,
				ED9A5A9B24CD21290009B3C7 /* DemoSocialNetworkTests */,
				ED9A5AA624CD21290009B3C7 /* DemoSocialNetworkUITests */,
				ED9A5A8024CD21270009B3C7 /* Products */,
				9FAD23269BEE98D3DA2722AA /* Pods */,
				781EF751D43046B81A4A8CAA /* Frameworks */,
			);
			sourceTree = "<group>";
		};
		ED9A5A8024CD21270009B3C7 /* Products */ = {
			isa = PBXGroup;
			children = (
				ED9A5A7F24CD21270009B3C7 /* DemoSocialNetwork.app */,
				ED9A5A9824CD21290009B3C7 /* DemoSocialNetworkTests.xctest */,
				ED9A5AA324CD21290009B3C7 /* DemoSocialNetworkUITests.xctest */,
			);
			name = Products;
			sourceTree = "<group>";
		};
		ED9A5A8124CD21270009B3C7 /* DemoSocialNetwork */ = {
			isa = PBXGroup;
			children = (
				ED9A5AB524CD21850009B3C7 /* UIKit+Constraints */,
				ED9A5A8224CD21270009B3C7 /* AppDelegate.swift */,
				ED9A5A8424CD21270009B3C7 /* SceneDelegate.swift */,
				ED9A5A8624CD21270009B3C7 /* ViewController.swift */,
				ED9A5A8824CD21270009B3C7 /* Main.storyboard */,
				ED9A5A8E24CD21290009B3C7 /* Assets.xcassets */,
				ED9A5A9024CD21290009B3C7 /* LaunchScreen.storyboard */,
				ED9A5A9324CD21290009B3C7 /* Info.plist */,
				ED9A5A8B24CD21270009B3C7 /* DemoSocialNetwork.xcdatamodeld */,
			);
			path = DemoSocialNetwork;
			sourceTree = "<group>";
		};
		ED9A5A9B24CD21290009B3C7 /* DemoSocialNetworkTests */ = {
			isa = PBXGroup;
			children = (
				ED9A5A9C24CD21290009B3C7 /* DemoSocialNetworkTests.swift */,
				ED9A5A9E24CD21290009B3C7 /* Info.plist */,
			);
			path = DemoSocialNetworkTests;
			sourceTree = "<group>";
		};
		ED9A5AA624CD21290009B3C7 /* DemoSocialNetworkUITests */ = {
			isa = PBXGroup;
			children = (
				ED9A5AA724CD21290009B3C7 /* DemoSocialNetworkUITests.swift */,
				ED9A5AA924CD21290009B3C7 /* Info.plist */,
			);
			path = DemoSocialNetworkUITests;
			sourceTree = "<group>";
		};
		ED9A5AB524CD21850009B3C7 /* UIKit+Constraints */ = {
			isa = PBXGroup;
			children = (
				ED9A5AB624CD21850009B3C7 /* UIView+centerY.swift */,
				ED9A5AB724CD21850009B3C7 /* UIView+centerX.swift */,
				ED9A5AB824CD21850009B3C7 /* UIView+bottom.swift */,
				ED9A5AB924CD21850009B3C7 /* UIView+height.swift */,
				ED9A5ABA24CD21850009B3C7 /* UIView+trailing.swift */,
				ED9A5ABB24CD21850009B3C7 /* UIView+top.swift */,
				ED9A5ABC24CD21850009B3C7 /* UIView+add.swift */,
				ED9A5ABD24CD21850009B3C7 /* UIView+leading.swift */,
				ED9A5ABE24CD21850009B3C7 /* UIView+width.swift */,
				ED9A5ABF24CD21850009B3C7 /* UIView+padding.swift */,
			);
			path = "UIKit+Constraints";
			sourceTree = "<group>";
		};
/* End PBXGroup section */

/* Begin PBXNativeTarget section */
		ED9A5A7E24CD21270009B3C7 /* DemoSocialNetwork */ = {
			isa = PBXNativeTarget;
			buildConfigurationList = ED9A5AAC24CD21290009B3C7 /* Build configuration list for PBXNativeTarget "DemoSocialNetwork" */;
			buildPhases = (
				F4F9998E321E529E49F23B78 /* [CP] Check Pods Manifest.lock */,
				ED9A5A7B24CD21270009B3C7 /* Sources */,
				ED9A5A7C24CD21270009B3C7 /* Frameworks */,
				ED9A5A7D24CD21270009B3C7 /* Resources */,
				21685E527729F814ADAA43B6 /* [CP] Embed Pods Frameworks */,
			);
			buildRules = (
			);
			dependencies = (
			);
			name = DemoSocialNetwork;
			productName = DemoSocialNetwork;
			productReference = ED9A5A7F24CD21270009B3C7 /* DemoSocialNetwork.app */;
			productType = "com.apple.product-type.application";
		};
		ED9A5A9724CD21290009B3C7 /* DemoSocialNetworkTests */ = {
			isa = PBXNativeTarget;
			buildConfigurationList = ED9A5AAF24CD21290009B3C7 /* Build configuration list for PBXNativeTarget "DemoSocialNetworkTests" */;
			buildPhases = (
				E926623074DCC142DF5017F2 /* [CP] Check Pods Manifest.lock */,
				ED9A5A9424CD21290009B3C7 /* Sources */,
				ED9A5A9524CD21290009B3C7 /* Frameworks */,
				ED9A5A9624CD21290009B3C7 /* Resources */,
			);
			buildRules = (
			);
			dependencies = (
				ED9A5A9A24CD21290009B3C7 /* PBXTargetDependency */,
			);
			name = DemoSocialNetworkTests;
			productName = DemoSocialNetworkTests;
			productReference = ED9A5A9824CD21290009B3C7 /* DemoSocialNetworkTests.xctest */;
			productType = "com.apple.product-type.bundle.unit-test";
		};
		ED9A5AA224CD21290009B3C7 /* DemoSocialNetworkUITests */ = {
			isa = PBXNativeTarget;
			buildConfigurationList = ED9A5AB224CD21290009B3C7 /* Build configuration list for PBXNativeTarget "DemoSocialNetworkUITests" */;
			buildPhases = (
				9B8FAB3837A7D5C0A9FFA62D /* [CP] Check Pods Manifest.lock */,
				ED9A5A9F24CD21290009B3C7 /* Sources */,
				ED9A5AA024CD21290009B3C7 /* Frameworks */,
				ED9A5AA124CD21290009B3C7 /* Resources */,
				164DAAB05BE56E5362E87A5E /* [CP] Embed Pods Frameworks */,
			);
			buildRules = (
			);
			dependencies = (
				ED9A5AA524CD21290009B3C7 /* PBXTargetDependency */,
			);
			name = DemoSocialNetworkUITests;
			productName = DemoSocialNetworkUITests;
			productReference = ED9A5AA324CD21290009B3C7 /* DemoSocialNetworkUITests.xctest */;
			productType = "com.apple.product-type.bundle.ui-testing";
		};
/* End PBXNativeTarget section */

/* Begin PBXProject section */
		ED9A5A7724CD21270009B3C7 /* Project object */ = {
			isa = PBXProject;
			attributes = {
				LastSwiftUpdateCheck = 1150;
				LastUpgradeCheck = 1150;
				ORGANIZATIONNAME = "Fabricio Cordella";
				TargetAttributes = {
					ED9A5A7E24CD21270009B3C7 = {
						CreatedOnToolsVersion = 11.5;
					};
					ED9A5A9724CD21290009B3C7 = {
						CreatedOnToolsVersion = 11.5;
						TestTargetID = ED9A5A7E24CD21270009B3C7;
					};
					ED9A5AA224CD21290009B3C7 = {
						CreatedOnToolsVersion = 11.5;
						TestTargetID = ED9A5A7E24CD21270009B3C7;
					};
				};
			};
			buildConfigurationList = ED9A5A7A24CD21270009B3C7 /* Build configuration list for PBXProject "DemoSocialNetwork" */;
			compatibilityVersion = "Xcode 9.3";
			developmentRegion = en;
			hasScannedForEncodings = 0;
			knownRegions = (
				en,
				Base,
			);
			mainGroup = ED9A5A7624CD21270009B3C7;
			productRefGroup = ED9A5A8024CD21270009B3C7 /* Products */;
			projectDirPath = "";
			projectRoot = "";
			targets = (
				ED9A5A7E24CD21270009B3C7 /* DemoSocialNetwork */,
				ED9A5A9724CD21290009B3C7 /* DemoSocialNetworkTests */,
				ED9A5AA224CD21290009B3C7 /* DemoSocialNetworkUITests */,
			);
		};
/* End PBXProject section */

/* Begin PBXResourcesBuildPhase section */
		ED9A5A7D24CD21270009B3C7 /* Resources */ = {
			isa = PBXResourcesBuildPhase;
			buildActionMask = 2147483647;
			files = (
				ED9A5A9224CD21290009B3C7 /* LaunchScreen.storyboard in Resources */,
				ED9A5A8F24CD21290009B3C7 /* Assets.xcassets in Resources */,
				ED9A5A8A24CD21270009B3C7 /* Main.storyboard in Resources */,
			);
			runOnlyForDeploymentPostprocessing = 0;
		};
		ED9A5A9624CD21290009B3C7 /* Resources */ = {
			isa = PBXResourcesBuildPhase;
			buildActionMask = 2147483647;
			files = (
			);
			runOnlyForDeploymentPostprocessing = 0;
		};
		ED9A5AA124CD21290009B3C7 /* Resources */ = {
			isa = PBXResourcesBuildPhase;
			buildActionMask = 2147483647;
			files = (
			);
			runOnlyForDeploymentPostprocessing = 0;
		};
/* End PBXResourcesBuildPhase section */

/* Begin PBXShellScriptBuildPhase section */
		164DAAB05BE56E5362E87A5E /* [CP] Embed Pods Frameworks */ = {
			isa = PBXShellScriptBuildPhase;
			buildActionMask = 2147483647;
			files = (
			);
			inputFileListPaths = (
				"${PODS_ROOT}/Target Support Files/Pods-DemoSocialNetwork-DemoSocialNetworkUITests/Pods-DemoSocialNetwork-DemoSocialNetworkUITests-frameworks-${CONFIGURATION}-input-files.xcfilelist",
			);
			name = "[CP] Embed Pods Frameworks";
			outputFileListPaths = (
				"${PODS_ROOT}/Target Support Files/Pods-DemoSocialNetwork-DemoSocialNetworkUITests/Pods-DemoSocialNetwork-DemoSocialNetworkUITests-frameworks-${CONFIGURATION}-output-files.xcfilelist",
			);
			runOnlyForDeploymentPostprocessing = 0;
			shellPath = /bin/sh;
			shellScript = "\"${PODS_ROOT}/Target Support Files/Pods-DemoSocialNetwork-DemoSocialNetworkUITests/Pods-DemoSocialNetwork-DemoSocialNetworkUITests-frameworks.sh\"\n";
			showEnvVarsInLog = 0;
		};
		21685E527729F814ADAA43B6 /* [CP] Embed Pods Frameworks */ = {
			isa = PBXShellScriptBuildPhase;
			buildActionMask = 2147483647;
			files = (
			);
			inputFileListPaths = (
				"${PODS_ROOT}/Target Support Files/Pods-DemoSocialNetwork/Pods-DemoSocialNetwork-frameworks-${CONFIGURATION}-input-files.xcfilelist",
			);
			name = "[CP] Embed Pods Frameworks";
			outputFileListPaths = (
				"${PODS_ROOT}/Target Support Files/Pods-DemoSocialNetwork/Pods-DemoSocialNetwork-frameworks-${CONFIGURATION}-output-files.xcfilelist",
			);
			runOnlyForDeploymentPostprocessing = 0;
			shellPath = /bin/sh;
			shellScript = "\"${PODS_ROOT}/Target Support Files/Pods-DemoSocialNetwork/Pods-DemoSocialNetwork-frameworks.sh\"\n";
			showEnvVarsInLog = 0;
		};
		9B8FAB3837A7D5C0A9FFA62D /* [CP] Check Pods Manifest.lock */ = {
			isa = PBXShellScriptBuildPhase;
			buildActionMask = 2147483647;
			files = (
			);
			inputFileListPaths = (
			);
			inputPaths = (
				"${PODS_PODFILE_DIR_PATH}/Podfile.lock",
				"${PODS_ROOT}/Manifest.lock",
			);
			name = "[CP] Check Pods Manifest.lock";
			outputFileListPaths = (
			);
			outputPaths = (
				"$(DERIVED_FILE_DIR)/Pods-DemoSocialNetwork-DemoSocialNetworkUITests-checkManifestLockResult.txt",
			);
			runOnlyForDeploymentPostprocessing = 0;
			shellPath = /bin/sh;
			shellScript = "diff \"${PODS_PODFILE_DIR_PATH}/Podfile.lock\" \"${PODS_ROOT}/Manifest.lock\" > /dev/null\nif [ $? != 0 ] ; then\n    # print error to STDERR\n    echo \"error: The sandbox is not in sync with the Podfile.lock. Run 'pod install' or update your CocoaPods installation.\" >&2\n    exit 1\nfi\n# This output is used by Xcode 'outputs' to avoid re-running this script phase.\necho \"SUCCESS\" > \"${SCRIPT_OUTPUT_FILE_0}\"\n";
			showEnvVarsInLog = 0;
		};
		E926623074DCC142DF5017F2 /* [CP] Check Pods Manifest.lock */ = {
			isa = PBXShellScriptBuildPhase;
			buildActionMask = 2147483647;
			files = (
			);
			inputFileListPaths = (
			);
			inputPaths = (
				"${PODS_PODFILE_DIR_PATH}/Podfile.lock",
				"${PODS_ROOT}/Manifest.lock",
			);
			name = "[CP] Check Pods Manifest.lock";
			outputFileListPaths = (
			);
			outputPaths = (
				"$(DERIVED_FILE_DIR)/Pods-DemoSocialNetworkTests-checkManifestLockResult.txt",
			);
			runOnlyForDeploymentPostprocessing = 0;
			shellPath = /bin/sh;
			shellScript = "diff \"${PODS_PODFILE_DIR_PATH}/Podfile.lock\" \"${PODS_ROOT}/Manifest.lock\" > /dev/null\nif [ $? != 0 ] ; then\n    # print error to STDERR\n    echo \"error: The sandbox is not in sync with the Podfile.lock. Run 'pod install' or update your CocoaPods installation.\" >&2\n    exit 1\nfi\n# This output is used by Xcode 'outputs' to avoid re-running this script phase.\necho \"SUCCESS\" > \"${SCRIPT_OUTPUT_FILE_0}\"\n";
			showEnvVarsInLog = 0;
		};
		F4F9998E321E529E49F23B78 /* [CP] Check Pods Manifest.lock */ = {
			isa = PBXShellScriptBuildPhase;
			buildActionMask = 2147483647;
			files = (
			);
			inputFileListPaths = (
			);
			inputPaths = (
				"${PODS_PODFILE_DIR_PATH}/Podfile.lock",
				"${PODS_ROOT}/Manifest.lock",
			);
			name = "[CP] Check Pods Manifest.lock";
			outputFileListPaths = (
			);
			outputPaths = (
				"$(DERIVED_FILE_DIR)/Pods-DemoSocialNetwork-checkManifestLockResult.txt",
			);
			runOnlyForDeploymentPostprocessing = 0;
			shellPath = /bin/sh;
			shellScript = "diff \"${PODS_PODFILE_DIR_PATH}/Podfile.lock\" \"${PODS_ROOT}/Manifest.lock\" > /dev/null\nif [ $? != 0 ] ; then\n    # print error to STDERR\n    echo \"error: The sandbox is not in sync with the Podfile.lock. Run 'pod install' or update your CocoaPods installation.\" >&2\n    exit 1\nfi\n# This output is used by Xcode 'outputs' to avoid re-running this script phase.\necho \"SUCCESS\" > \"${SCRIPT_OUTPUT_FILE_0}\"\n";
			showEnvVarsInLog = 0;
		};
/* End PBXShellScriptBuildPhase section */

/* Begin PBXSourcesBuildPhase section */
		ED9A5A7B24CD21270009B3C7 /* Sources */ = {
			isa = PBXSourcesBuildPhase;
			buildActionMask = 2147483647;
			files = (
				ED9A5AC124CD21850009B3C7 /* UIView+centerX.swift in Sources */,
				ED9A5A8D24CD21270009B3C7 /* DemoSocialNetwork.xcdatamodeld in Sources */,
				ED9A5AC424CD21850009B3C7 /* UIView+trailing.swift in Sources */,
				ED9A5AC624CD21850009B3C7 /* UIView+add.swift in Sources */,
				ED9A5AC224CD21850009B3C7 /* UIView+bottom.swift in Sources */,
				ED9A5AC324CD21850009B3C7 /* UIView+height.swift in Sources */,
				ED9A5AC024CD21850009B3C7 /* UIView+centerY.swift in Sources */,
				ED9A5AC724CD21850009B3C7 /* UIView+leading.swift in Sources */,
				ED9A5A8724CD21270009B3C7 /* ViewController.swift in Sources */,
				ED9A5AC824CD21850009B3C7 /* UIView+width.swift in Sources */,
				ED9A5A8324CD21270009B3C7 /* AppDelegate.swift in Sources */,
				ED9A5AC524CD21850009B3C7 /* UIView+top.swift in Sources */,
				ED9A5AC924CD21850009B3C7 /* UIView+padding.swift in Sources */,
				ED9A5A8524CD21270009B3C7 /* SceneDelegate.swift in Sources */,
			);
			runOnlyForDeploymentPostprocessing = 0;
		};
		ED9A5A9424CD21290009B3C7 /* Sources */ = {
			isa = PBXSourcesBuildPhase;
			buildActionMask = 2147483647;
			files = (
				ED9A5A9D24CD21290009B3C7 /* DemoSocialNetworkTests.swift in Sources */,
			);
			runOnlyForDeploymentPostprocessing = 0;
		};
		ED9A5A9F24CD21290009B3C7 /* Sources */ = {
			isa = PBXSourcesBuildPhase;
			buildActionMask = 2147483647;
			files = (
				ED9A5AA824CD21290009B3C7 /* DemoSocialNetworkUITests.swift in Sources */,
			);
			runOnlyForDeploymentPostprocessing = 0;
		};
/* End PBXSourcesBuildPhase section */

/* Begin PBXTargetDependency section */
		ED9A5A9A24CD21290009B3C7 /* PBXTargetDependency */ = {
			isa = PBXTargetDependency;
			target = ED9A5A7E24CD21270009B3C7 /* DemoSocialNetwork */;
			targetProxy = ED9A5A9924CD21290009B3C7 /* PBXContainerItemProxy */;
		};
		ED9A5AA524CD21290009B3C7 /* PBXTargetDependency */ = {
			isa = PBXTargetDependency;
			target = ED9A5A7E24CD21270009B3C7 /* DemoSocialNetwork */;
			targetProxy = ED9A5AA424CD21290009B3C7 /* PBXContainerItemProxy */;
		};
/* End PBXTargetDependency section */

/* Begin PBXVariantGroup section */
		ED9A5A8824CD21270009B3C7 /* Main.storyboard */ = {
			isa = PBXVariantGroup;
			children = (
				ED9A5A8924CD21270009B3C7 /* Base */,
			);
			name = Main.storyboard;
			sourceTree = "<group>";
		};
		ED9A5A9024CD21290009B3C7 /* LaunchScreen.storyboard */ = {
			isa = PBXVariantGroup;
			children = (
				ED9A5A9124CD21290009B3C7 /* Base */,
			);
			name = LaunchScreen.storyboard;
			sourceTree = "<group>";
		};
/* End PBXVariantGroup section */

/* Begin XCBuildConfiguration section */
		ED9A5AAA24CD21290009B3C7 /* Debug */ = {
			isa = XCBuildConfiguration;
			buildSettings = {
				ALWAYS_SEARCH_USER_PATHS = NO;
				CLANG_ANALYZER_NONNULL = YES;
				CLANG_ANALYZER_NUMBER_OBJECT_CONVERSION = YES_AGGRESSIVE;
				CLANG_CXX_LANGUAGE_STANDARD = "gnu++14";
				CLANG_CXX_LIBRARY = "libc++";
				CLANG_ENABLE_MODULES = YES;
				CLANG_ENABLE_OBJC_ARC = YES;
				CLANG_ENABLE_OBJC_WEAK = YES;
				CLANG_WARN_BLOCK_CAPTURE_AUTORELEASING = YES;
				CLANG_WARN_BOOL_CONVERSION = YES;
				CLANG_WARN_COMMA = YES;
				CLANG_WARN_CONSTANT_CONVERSION = YES;
				CLANG_WARN_DEPRECATED_OBJC_IMPLEMENTATIONS = YES;
				CLANG_WARN_DIRECT_OBJC_ISA_USAGE = YES_ERROR;
				CLANG_WARN_DOCUMENTATION_COMMENTS = YES;
				CLANG_WARN_EMPTY_BODY = YES;
				CLANG_WARN_ENUM_CONVERSION = YES;
				CLANG_WARN_INFINITE_RECURSION = YES;
				CLANG_WARN_INT_CONVERSION = YES;
				CLANG_WARN_NON_LITERAL_NULL_CONVERSION = YES;
				CLANG_WARN_OBJC_IMPLICIT_RETAIN_SELF = YES;
				CLANG_WARN_OBJC_LITERAL_CONVERSION = YES;
				CLANG_WARN_OBJC_ROOT_CLASS = YES_ERROR;
				CLANG_WARN_RANGE_LOOP_ANALYSIS = YES;
				CLANG_WARN_STRICT_PROTOTYPES = YES;
				CLANG_WARN_SUSPICIOUS_MOVE = YES;
				CLANG_WARN_UNGUARDED_AVAILABILITY = YES_AGGRESSIVE;
				CLANG_WARN_UNREACHABLE_CODE = YES;
				CLANG_WARN__DUPLICATE_METHOD_MATCH = YES;
				COPY_PHASE_STRIP = NO;
				DEBUG_INFORMATION_FORMAT = dwarf;
				ENABLE_STRICT_OBJC_MSGSEND = YES;
				ENABLE_TESTABILITY = YES;
				GCC_C_LANGUAGE_STANDARD = gnu11;
				GCC_DYNAMIC_NO_PIC = NO;
				GCC_NO_COMMON_BLOCKS = YES;
				GCC_OPTIMIZATION_LEVEL = 0;
				GCC_PREPROCESSOR_DEFINITIONS = (
					"DEBUG=1",
					"$(inherited)",
				);
				GCC_WARN_64_TO_32_BIT_CONVERSION = YES;
				GCC_WARN_ABOUT_RETURN_TYPE = YES_ERROR;
				GCC_WARN_UNDECLARED_SELECTOR = YES;
				GCC_WARN_UNINITIALIZED_AUTOS = YES_AGGRESSIVE;
				GCC_WARN_UNUSED_FUNCTION = YES;
				GCC_WARN_UNUSED_VARIABLE = YES;
				IPHONEOS_DEPLOYMENT_TARGET = 13.5;
				MTL_ENABLE_DEBUG_INFO = INCLUDE_SOURCE;
				MTL_FAST_MATH = YES;
				ONLY_ACTIVE_ARCH = YES;
				SDKROOT = iphoneos;
				SWIFT_ACTIVE_COMPILATION_CONDITIONS = DEBUG;
				SWIFT_OPTIMIZATION_LEVEL = "-Onone";
			};
			name = Debug;
		};
		ED9A5AAB24CD21290009B3C7 /* Release */ = {
			isa = XCBuildConfiguration;
			buildSettings = {
				ALWAYS_SEARCH_USER_PATHS = NO;
				CLANG_ANALYZER_NONNULL = YES;
				CLANG_ANALYZER_NUMBER_OBJECT_CONVERSION = YES_AGGRESSIVE;
				CLANG_CXX_LANGUAGE_STANDARD = "gnu++14";
				CLANG_CXX_LIBRARY = "libc++";
				CLANG_ENABLE_MODULES = YES;
				CLANG_ENABLE_OBJC_ARC = YES;
				CLANG_ENABLE_OBJC_WEAK = YES;
				CLANG_WARN_BLOCK_CAPTURE_AUTORELEASING = YES;
				CLANG_WARN_BOOL_CONVERSION = YES;
				CLANG_WARN_COMMA = YES;
				CLANG_WARN_CONSTANT_CONVERSION = YES;
				CLANG_WARN_DEPRECATED_OBJC_IMPLEMENTATIONS = YES;
				CLANG_WARN_DIRECT_OBJC_ISA_USAGE = YES_ERROR;
				CLANG_WARN_DOCUMENTATION_COMMENTS = YES;
				CLANG_WARN_EMPTY_BODY = YES;
				CLANG_WARN_ENUM_CONVERSION = YES;
				CLANG_WARN_INFINITE_RECURSION = YES;
				CLANG_WARN_INT_CONVERSION = YES;
				CLANG_WARN_NON_LITERAL_NULL_CONVERSION = YES;
				CLANG_WARN_OBJC_IMPLICIT_RETAIN_SELF = YES;
				CLANG_WARN_OBJC_LITERAL_CONVERSION = YES;
				CLANG_WARN_OBJC_ROOT_CLASS = YES_ERROR;
				CLANG_WARN_RANGE_LOOP_ANALYSIS = YES;
				CLANG_WARN_STRICT_PROTOTYPES = YES;
				CLANG_WARN_SUSPICIOUS_MOVE = YES;
				CLANG_WARN_UNGUARDED_AVAILABILITY = YES_AGGRESSIVE;
				CLANG_WARN_UNREACHABLE_CODE = YES;
				CLANG_WARN__DUPLICATE_METHOD_MATCH = YES;
				COPY_PHASE_STRIP = NO;
				DEBUG_INFORMATION_FORMAT = "dwarf-with-dsym";
				ENABLE_NS_ASSERTIONS = NO;
				ENABLE_STRICT_OBJC_MSGSEND = YES;
				GCC_C_LANGUAGE_STANDARD = gnu11;
				GCC_NO_COMMON_BLOCKS = YES;
				GCC_WARN_64_TO_32_BIT_CONVERSION = YES;
				GCC_WARN_ABOUT_RETURN_TYPE = YES_ERROR;
				GCC_WARN_UNDECLARED_SELECTOR = YES;
				GCC_WARN_UNINITIALIZED_AUTOS = YES_AGGRESSIVE;
				GCC_WARN_UNUSED_FUNCTION = YES;
				GCC_WARN_UNUSED_VARIABLE = YES;
				IPHONEOS_DEPLOYMENT_TARGET = 13.5;
				MTL_ENABLE_DEBUG_INFO = NO;
				MTL_FAST_MATH = YES;
				SDKROOT = iphoneos;
				SWIFT_COMPILATION_MODE = wholemodule;
				SWIFT_OPTIMIZATION_LEVEL = "-O";
				VALIDATE_PRODUCT = YES;
			};
			name = Release;
		};
		ED9A5AAD24CD21290009B3C7 /* Debug */ = {
			isa = XCBuildConfiguration;
			baseConfigurationReference = C5236FC6040938AE4BED4FFB /* Pods-DemoSocialNetwork.debug.xcconfig */;
			buildSettings = {
				ASSETCATALOG_COMPILER_APPICON_NAME = AppIcon;
				CODE_SIGN_STYLE = Automatic;
				DEVELOPMENT_TEAM = 75W67F929N;
				INFOPLIST_FILE = DemoSocialNetwork/Info.plist;
				LD_RUNPATH_SEARCH_PATHS = (
					"$(inherited)",
					"@executable_path/Frameworks",
				);
				PRODUCT_BUNDLE_IDENTIFIER = br.fabricio.DemoSocialNetwork;
				PRODUCT_NAME = "$(TARGET_NAME)";
				SWIFT_VERSION = 5.0;
				TARGETED_DEVICE_FAMILY = "1,2";
			};
			name = Debug;
		};
		ED9A5AAE24CD21290009B3C7 /* Release */ = {
			isa = XCBuildConfiguration;
			baseConfigurationReference = D80AF029CA731EA676826894 /* Pods-DemoSocialNetwork.release.xcconfig */;
			buildSettings = {
				ASSETCATALOG_COMPILER_APPICON_NAME = AppIcon;
				CODE_SIGN_STYLE = Automatic;
				DEVELOPMENT_TEAM = 75W67F929N;
				INFOPLIST_FILE = DemoSocialNetwork/Info.plist;
				LD_RUNPATH_SEARCH_PATHS = (
					"$(inherited)",
					"@executable_path/Frameworks",
				);
				PRODUCT_BUNDLE_IDENTIFIER = br.fabricio.DemoSocialNetwork;
				PRODUCT_NAME = "$(TARGET_NAME)";
				SWIFT_VERSION = 5.0;
				TARGETED_DEVICE_FAMILY = "1,2";
			};
			name = Release;
		};
		ED9A5AB024CD21290009B3C7 /* Debug */ = {
			isa = XCBuildConfiguration;
			baseConfigurationReference = 6B60524CD7AAD40A57EE25F7 /* Pods-DemoSocialNetworkTests.debug.xcconfig */;
			buildSettings = {
				ALWAYS_EMBED_SWIFT_STANDARD_LIBRARIES = YES;
				BUNDLE_LOADER = "$(TEST_HOST)";
				CODE_SIGN_STYLE = Automatic;
				DEVELOPMENT_TEAM = 75W67F929N;
				INFOPLIST_FILE = DemoSocialNetworkTests/Info.plist;
				IPHONEOS_DEPLOYMENT_TARGET = 13.5;
				LD_RUNPATH_SEARCH_PATHS = (
					"$(inherited)",
					"@executable_path/Frameworks",
					"@loader_path/Frameworks",
				);
				PRODUCT_BUNDLE_IDENTIFIER = br.fabricio.DemoSocialNetworkTests;
				PRODUCT_NAME = "$(TARGET_NAME)";
				SWIFT_VERSION = 5.0;
				TARGETED_DEVICE_FAMILY = "1,2";
				TEST_HOST = "$(BUILT_PRODUCTS_DIR)/DemoSocialNetwork.app/DemoSocialNetwork";
			};
			name = Debug;
		};
		ED9A5AB124CD21290009B3C7 /* Release */ = {
			isa = XCBuildConfiguration;
			baseConfigurationReference = 3B26FCC803BBA531BFA18447 /* Pods-DemoSocialNetworkTests.release.xcconfig */;
			buildSettings = {
				ALWAYS_EMBED_SWIFT_STANDARD_LIBRARIES = YES;
				BUNDLE_LOADER = "$(TEST_HOST)";
				CODE_SIGN_STYLE = Automatic;
				DEVELOPMENT_TEAM = 75W67F929N;
				INFOPLIST_FILE = DemoSocialNetworkTests/Info.plist;
				IPHONEOS_DEPLOYMENT_TARGET = 13.5;
				LD_RUNPATH_SEARCH_PATHS = (
					"$(inherited)",
					"@executable_path/Frameworks",
					"@loader_path/Frameworks",
				);
				PRODUCT_BUNDLE_IDENTIFIER = br.fabricio.DemoSocialNetworkTests;
				PRODUCT_NAME = "$(TARGET_NAME)";
				SWIFT_VERSION = 5.0;
				TARGETED_DEVICE_FAMILY = "1,2";
				TEST_HOST = "$(BUILT_PRODUCTS_DIR)/DemoSocialNetwork.app/DemoSocialNetwork";
			};
			name = Release;
		};
		ED9A5AB324CD21290009B3C7 /* Debug */ = {
			isa = XCBuildConfiguration;
			baseConfigurationReference = 5CF39C988357213E719C3D4A /* Pods-DemoSocialNetwork-DemoSocialNetworkUITests.debug.xcconfig */;
			buildSettings = {
				ALWAYS_EMBED_SWIFT_STANDARD_LIBRARIES = YES;
				CODE_SIGN_STYLE = Automatic;
				DEVELOPMENT_TEAM = 75W67F929N;
				INFOPLIST_FILE = DemoSocialNetworkUITests/Info.plist;
				LD_RUNPATH_SEARCH_PATHS = (
					"$(inherited)",
					"@executable_path/Frameworks",
					"@loader_path/Frameworks",
				);
				PRODUCT_BUNDLE_IDENTIFIER = br.fabricio.DemoSocialNetworkUITests;
				PRODUCT_NAME = "$(TARGET_NAME)";
				SWIFT_VERSION = 5.0;
				TARGETED_DEVICE_FAMILY = "1,2";
				TEST_TARGET_NAME = DemoSocialNetwork;
			};
			name = Debug;
		};
		ED9A5AB424CD21290009B3C7 /* Release */ = {
			isa = XCBuildConfiguration;
			baseConfigurationReference = 36B070E0B56C6C3767B63C23 /* Pods-DemoSocialNetwork-DemoSocialNetworkUITests.release.xcconfig */;
			buildSettings = {
				ALWAYS_EMBED_SWIFT_STANDARD_LIBRARIES = YES;
				CODE_SIGN_STYLE = Automatic;
				DEVELOPMENT_TEAM = 75W67F929N;
				INFOPLIST_FILE = DemoSocialNetworkUITests/Info.plist;
				LD_RUNPATH_SEARCH_PATHS = (
					"$(inherited)",
					"@executable_path/Frameworks",
					"@loader_path/Frameworks",
				);
				PRODUCT_BUNDLE_IDENTIFIER = br.fabricio.DemoSocialNetworkUITests;
				PRODUCT_NAME = "$(TARGET_NAME)";
				SWIFT_VERSION = 5.0;
				TARGETED_DEVICE_FAMILY = "1,2";
				TEST_TARGET_NAME = DemoSocialNetwork;
			};
			name = Release;
		};
/* End XCBuildConfiguration section */

/* Begin XCConfigurationList section */
		ED9A5A7A24CD21270009B3C7 /* Build configuration list for PBXProject "DemoSocialNetwork" */ = {
			isa = XCConfigurationList;
			buildConfigurations = (
				ED9A5AAA24CD21290009B3C7 /* Debug */,
				ED9A5AAB24CD21290009B3C7 /* Release */,
			);
			defaultConfigurationIsVisible = 0;
			defaultConfigurationName = Release;
		};
		ED9A5AAC24CD21290009B3C7 /* Build configuration list for PBXNativeTarget "DemoSocialNetwork" */ = {
			isa = XCConfigurationList;
			buildConfigurations = (
				ED9A5AAD24CD21290009B3C7 /* Debug */,
				ED9A5AAE24CD21290009B3C7 /* Release */,
			);
			defaultConfigurationIsVisible = 0;
			defaultConfigurationName = Release;
		};
		ED9A5AAF24CD21290009B3C7 /* Build configuration list for PBXNativeTarget "DemoSocialNetworkTests" */ = {
			isa = XCConfigurationList;
			buildConfigurations = (
				ED9A5AB024CD21290009B3C7 /* Debug */,
				ED9A5AB124CD21290009B3C7 /* Release */,
			);
			defaultConfigurationIsVisible = 0;
			defaultConfigurationName = Release;
		};
		ED9A5AB224CD21290009B3C7 /* Build configuration list for PBXNativeTarget "DemoSocialNetworkUITests" */ = {
			isa = XCConfigurationList;
			buildConfigurations = (
				ED9A5AB324CD21290009B3C7 /* Debug */,
				ED9A5AB424CD21290009B3C7 /* Release */,
			);
			defaultConfigurationIsVisible = 0;
			defaultConfigurationName = Release;
		};
/* End XCConfigurationList section */

/* Begin XCVersionGroup section */
		ED9A5A8B24CD21270009B3C7 /* DemoSocialNetwork.xcdatamodeld */ = {
			isa = XCVersionGroup;
			children = (
				ED9A5A8C24CD21270009B3C7 /* DemoSocialNetwork.xcdatamodel */,
			);
			currentVersion = ED9A5A8C24CD21270009B3C7 /* DemoSocialNetwork.xcdatamodel */;
			path = DemoSocialNetwork.xcdatamodeld;
			sourceTree = "<group>";
			versionGroupType = wrapper.xcdatamodel;
		};
/* End XCVersionGroup section */
	};
	rootObject = ED9A5A7724CD21270009B3C7 /* Project object */;
}
